
Microsoft Visual Studio Solution File, Format Version 12.00
# Visual Studio Version 16
VisualStudioVersion = 16.0.32630.194
MinimumVisualStudioVersion = 10.0.40219.1
Project("{FAE04EC0-301F-11D3-BF4B-00C04F79EFBC}") = "TravelRecordApp.Android", "TravelRecordApp\TravelRecordApp.Android\TravelRecordApp.Android.csproj", "{655DA831-A7E0-4358-936B-D4FE9ABC7FEF}"
EndProject
Project("{FAE04EC0-301F-11D3-BF4B-00C04F79EFBC}") = "TravelRecordApp.iOS", "TravelRecordApp\TravelRecordApp.iOS\TravelRecordApp.iOS.csproj", "{818BD65E-92EC-4AE2-B16C-E5EB3D4929EC}"
EndProject
Project("{FAE04EC0-301F-11D3-BF4B-00C04F79EFBC}") = "TravelRecordApp", "TravelRecordApp\TravelRecordApp\TravelRecordApp.csproj", "{16EF33AF-B67E-40AA-8214-7ADF96B58578}"
EndProject
Global
	GlobalSection(SolutionConfigurationPlatforms) = preSolution
		Debug|Any CPU = Debug|Any CPU
		Debug|iPhone = Debug|iPhone
		Debug|iPhoneSimulator = Debug|iPhoneSimulator
		Release|Any CPU = Release|Any CPU
		Release|iPhone = Release|iPhone
		Release|iPhoneSimulator = Release|iPhoneSimulator
	EndGlobalSection
	GlobalSection(ProjectConfigurationPlatforms) = postSolution
		{655DA831-A7E0-4358-936B-D4FE9ABC7FEF}.Debug|Any CPU.ActiveCfg = Debug|Any CPU
		{655DA831-A7E0-4358-936B-D4FE9ABC7FEF}.Debug|Any CPU.Build.0 = Debug|Any CPU
		{655DA831-A7E0-4358-936B-D4FE9ABC7FEF}.Debug|Any CPU.Deploy.0 = Debug|Any CPU
		{655DA831-A7E0-4358-936B-D4FE9ABC7FEF}.Debug|iPhone.ActiveCfg = Debug|Any CPU
		{655DA831-A7E0-4358-936B-D4FE9ABC7FEF}.Debug|iPhone.Build.0 = Debug|Any CPU
		{655DA831-A7E0-4358-936B-D4FE9ABC7FEF}.Debug|iPhone.Deploy.0 = Debug|Any CPU
		{655DA831-A7E0-4358-936B-D4FE9ABC7FEF}.Debug|iPhoneSimulator.ActiveCfg = Debug|Any CPU
		{655DA831-A7E0-4358-936B-D4FE9ABC7FEF}.Debug|iPhoneSimulator.Build.0 = Debug|Any CPU
		{655DA831-A7E0-4358-936B-D4FE9ABC7FEF}.Debug|iPhoneSimulator.Deploy.0 = Debug|Any CPU
		{655DA831-A7E0-4358-936B-D4FE9ABC7FEF}.Release|Any CPU.ActiveCfg = Release|Any CPU
		{655DA831-A7E0-4358-936B-D4FE9ABC7FEF}.Release|Any CPU.Build.0 = Release|Any CPU
		{655DA831-A7E0-4358-936B-D4FE9ABC7FEF}.Release|Any CPU.Deploy.0 = Release|Any CPU
		{655DA831-A7E0-4358-936B-D4FE9ABC7FEF}.Release|iPhone.ActiveCfg = Release|Any CPU
		{655DA831-A7E0-4358-936B-D4FE9ABC7FEF}.Release|iPhone.Build.0 = Release|Any CPU
		{655DA831-A7E0-4358-936B-D4FE9ABC7FEF}.Release|iPhone.Deploy.0 = Release|Any CPU
		{655DA831-A7E0-4358-936B-D4FE9ABC7FEF}.Release|iPhoneSimulator.ActiveCfg = Release|Any CPU
		{655DA831-A7E0-4358-936B-D4FE9ABC7FEF}.Release|iPhoneSimulator.Build.0 = Release|Any CPU
		{655DA831-A7E0-4358-936B-D4FE9ABC7FEF}.Release|iPhoneSimulator.Deploy.0 = Release|Any CPU
		{818BD65E-92EC-4AE2-B16C-E5EB3D4929EC}.Debug|Any CPU.ActiveCfg = Debug|iPhone
		{818BD65E-92EC-4AE2-B16C-E5EB3D4929EC}.Debug|Any CPU.Build.0 = Debug|iPhone
		{818BD65E-92EC-4AE2-B16C-E5EB3D4929EC}.Debug|Any CPU.Deploy.0 = Debug|iPhone
		{818BD65E-92EC-4AE2-B16C-E5EB3D4929EC}.Debug|iPhone.ActiveCfg = Debug|iPhone
		{818BD65E-92EC-4AE2-B16C-E5EB3D4929EC}.Debug|iPhone.Build.0 = Debug|iPhone
		{818BD65E-92EC-4AE2-B16C-E5EB3D4929EC}.Debug|iPhone.Deploy.0 = Debug|iPhone
		{818BD65E-92EC-4AE2-B16C-E5EB3D4929EC}.Debug|iPhoneSimulator.ActiveCfg = Debug|iPhoneSimulator
		{818BD65E-92EC-4AE2-B16C-E5EB3D4929EC}.Debug|iPhoneSimulator.Build.0 = Debug|iPhoneSimulator
		{818BD65E-92EC-4AE2-B16C-E5EB3D4929EC}.Debug|iPhoneSimulator.Deploy.0 = Debug|iPhoneSimulator
		{818BD65E-92EC-4AE2-B16C-E5EB3D4929EC}.Release|Any CPU.ActiveCfg = Release|iPhoneSimulator
		{818BD65E-92EC-4AE2-B16C-E5EB3D4929EC}.Release|Any CPU.Build.0 = Release|iPhoneSimulator
		{818BD65E-92EC-4AE2-B16C-E5EB3D4929EC}.Release|Any CPU.Deploy.0 = Release|iPhoneSimulator
		{818BD65E-92EC-4AE2-B16C-E5EB3D4929EC}.Release|iPhone.ActiveCfg = Release|iPhone
		{818BD65E-92EC-4AE2-B16C-E5EB3D4929EC}.Release|iPhone.Build.0 = Release|iPhone
		{818BD65E-92EC-4AE2-B16C-E5EB3D4929EC}.Release|iPhone.Deploy.0 = Release|iPhone
		{818BD65E-92EC-4AE2-B16C-E5EB3D4929EC}.Release|iPhoneSimulator.ActiveCfg = Release|iPhoneSimulator
		{818BD65E-92EC-4AE2-B16C-E5EB3D4929EC}.Release|iPhoneSimulator.Build.0 = Release|iPhoneSimulator
		{818BD65E-92EC-4AE2-B16C-E5EB3D4929EC}.Release|iPhoneSimulator.Deploy.0 = Release|iPhoneSimulator
		{16EF33AF-B67E-40AA-8214-7ADF96B58578}.Debug|Any CPU.ActiveCfg = Debug|Any CPU
		{16EF33AF-B67E-40AA-8214-7ADF96B58578}.Debug|Any CPU.Build.0 = Debug|Any CPU
		{16EF33AF-B67E-40AA-8214-7ADF96B58578}.Debug|Any CPU.Deploy.0 = Debug|Any CPU
		{16EF33AF-B67E-40AA-8214-7ADF96B58578}.Debug|iPhone.ActiveCfg = Debug|Any CPU
		{16EF33AF-B67E-40AA-8214-7ADF96B58578}.Debug|iPhone.Build.0 = Debug|Any CPU
		{16EF33AF-B67E-40AA-8214-7ADF96B58578}.Debug|iPhone.Deploy.0 = Debug|Any CPU
		{16EF33AF-B67E-40AA-8214-7ADF96B58578}.Debug|iPhoneSimulator.ActiveCfg = Debug|Any CPU
		{16EF33AF-B67E-40AA-8214-7ADF96B58578}.Debug|iPhoneSimulator.Build.0 = Debug|Any CPU
		{16EF33AF-B67E-40AA-8214-7ADF96B58578}.Debug|iPhoneSimulator.Deploy.0 = Debug|Any CPU
		{16EF33AF-B67E-40AA-8214-7ADF96B58578}.Release|Any CPU.ActiveCfg = Release|Any CPU
		{16EF33AF-B67E-40AA-8214-7ADF96B58578}.Release|Any CPU.Build.0 = Release|Any CPU
		{16EF33AF-B67E-40AA-8214-7ADF96B58578}.Release|Any CPU.Deploy.0 = Release|Any CPU
		{16EF33AF-B67E-40AA-8214-7ADF96B58578}.Release|iPhone.ActiveCfg = Release|Any CPU
		{16EF33AF-B67E-40AA-8214-7ADF96B58578}.Release|iPhone.Build.0 = Release|Any CPU
		{16EF33AF-B67E-40AA-8214-7ADF96B58578}.Release|iPhone.Deploy.0 = Release|Any CPU
		{16EF33AF-B67E-40AA-8214-7ADF96B58578}.Release|iPhoneSimulator.ActiveCfg = Release|Any CPU
		{16EF33AF-B67E-40AA-8214-7ADF96B58578}.Release|iPhoneSimulator.Build.0 = Release|Any CPU
		{16EF33AF-B67E-40AA-8214-7ADF96B58578}.Release|iPhoneSimulator.Deploy.0 = Release|Any CPU
	EndGlobalSection
	GlobalSection(SolutionProperties) = preSolution
		HideSolutionNode = FALSE
	EndGlobalSection
	GlobalSection(ExtensibilityGlobals) = postSolution
		SolutionGuid = {0E9813B9-26C5-4D64-90E4-F19E61CF32F5}
	EndGlobalSection
EndGlobal
